<?xml version="1.0" encoding="utf-8"?>
<Project ToolsVersion="4.0" xmlns="http://schemas.microsoft.com/developer/msbuild/2003">
  <ItemGroup>
    <Filter Include="Source Files">
      <UniqueIdentifier>{4FC737F1-C7A5-4376-A066-2A32D752A2FF}</UniqueIdentifier>
      <Extensions>cpp;c;cc;cxx;def;odl;idl;hpj;bat;asm;asmx</Extensions>
    </Filter>
    <Filter Include="Header Files">
      <UniqueIdentifier>{93995380-89BD-4b04-88EB-625FBE52EBFB}</UniqueIdentifier>
      <Extensions>h;hh;hpp;hxx;hm;inl;inc;ipp;xsd</Extensions>
    </Filter>
    <Filter Include="Resource Files">
      <UniqueIdentifier>{67DA6AB6-F800-4c08-8B7A-83BB121AAD01}</UniqueIdentifier>
      <Extensions>rc;ico;cur;bmp;dlg;rc2;rct;bin;rgs;gif;jpg;jpeg;jpe;resx;tiff;tif;png;wav;mfcribbon-ms</Extensions>
    </Filter>
  </ItemGroup>
  <ItemGroup>
    <ClCompile Include="src\GameLevelFactory.cpp">
      <Filter>Source Files</Filter>
    </ClCompile>
    <ClCompile Include="src\IntroLevel.cpp">
      <Filter>Source Files</Filter>
    </ClCompile>
    <ClCompile Include="Main.cpp">
      <Filter>Source Files</Filter>
    </ClCompile>
    <ClCompile Include="src\Implementation\AiBrain.cpp">
      <Filter>Source Files</Filter>
    </ClCompile>
    <ClCompile Include="src\Implementation\SpaceSceneCamera.cpp">
      <Filter>Source Files</Filter>
    </ClCompile>
    <ClCompile Include="src\Implementation\Events\MainPlayerActionEvent.cpp">
      <Filter>Source Files</Filter>
    </ClCompile>
    <ClCompile Include="src\Implementation\Factories\BombMissileFactory.cpp">
      <Filter>Source Files</Filter>
    </ClCompile>
    <ClCompile Include="src\Implementation\Factories\WeakSpaceShipFactory.cpp">
      <Filter>Source Files</Filter>
    </ClCompile>
    <ClCompile Include="src\Implementation\MissileExplosionVisitors\BlackHoleExplosionVisitor.cpp">
      <Filter>Source Files</Filter>
    </ClCompile>
    <ClCompile Include="src\Implementation\MissileExplosionVisitors\BombExplosionVisitor.cpp">
      <Filter>Source Files</Filter>
    </ClCompile>
    <ClCompile Include="src\Implementation\MissileExplosionVisitors\FreezingExplosionVisitor.cpp">
      <Filter>Source Files</Filter>
    </ClCompile>
    <ClCompile Include="src\Implementation\MissileExplosionVisitors\MissileExplosionVisitorBase.cpp">
      <Filter>Source Files</Filter>
    </ClCompile>
    <ClCompile Include="src\Implementation\Factories\AsteroidFactory.cpp">
      <Filter>Source Files</Filter>
    </ClCompile>
    <ClCompile Include="src\Implementation\Factories\BackgroundPlanetsFactory.cpp">
      <Filter>Source Files</Filter>
    </ClCompile>
    <ClCompile Include="src\Implementation\Factories\BlackHoleMissileFactory.cpp">
      <Filter>Source Files</Filter>
    </ClCompile>
    <ClCompile Include="src\Implementation\Factories\FreezingMissileFactory.cpp">
      <Filter>Source Files</Filter>
    </ClCompile>
    <ClCompile Include="src\Implementation\Modifiers\FreezingModifier.cpp">
      <Filter>Source Files</Filter>
    </ClCompile>
    <ClCompile Include="src\Implementation\Modifiers\GravityModifier.cpp">
      <Filter>Source Files</Filter>
    </ClCompile>
    <ClCompile Include="src\Implementation\Controllers\AiActorController.cpp">
      <Filter>Source Files</Filter>
    </ClCompile>
    <ClCompile Include="src\Implementation\Controllers\AiSpaceshipActorController.cpp">
      <Filter>Source Files</Filter>
    </ClCompile>
    <ClCompile Include="src\Implementation\Controllers\CombatController.cpp">
      <Filter>Source Files</Filter>
    </ClCompile>
    <ClCompile Include="src\Implementation\Controllers\SceneController.cpp">
      <Filter>Source Files</Filter>
    </ClCompile>
    <ClCompile Include="src\Implementation\Controllers\SpaceShipPlayerController.cpp">
      <Filter>Source Files</Filter>
    </ClCompile>
    <ClCompile Include="src\Implementation\Actors\AsteroidActor.cpp">
      <Filter>Source Files</Filter>
    </ClCompile>
    <ClCompile Include="src\Implementation\Actors\BackgroundSpaceObjectActor.cpp">
      <Filter>Source Files</Filter>
    </ClCompile>
    <ClCompile Include="src\Implementation\Actors\BlackHoleMissileActor.cpp">
      <Filter>Source Files</Filter>
    </ClCompile>
    <ClCompile Include="src\Implementation\Actors\BombMissileActor.cpp">
      <Filter>Source Files</Filter>
    </ClCompile>
    <ClCompile Include="src\Implementation\Actors\FreezingMissileActor.cpp">
      <Filter>Source Files</Filter>
    </ClCompile>
    <ClCompile Include="src\Implementation\Actors\MissileActor.cpp">
      <Filter>Source Files</Filter>
    </ClCompile>
    <ClCompile Include="src\Implementation\Actors\SpaceObjectActor.cpp">
      <Filter>Source Files</Filter>
    </ClCompile>
    <ClCompile Include="src\Implementation\Actors\SpaceshipActor.cpp">
      <Filter>Source Files</Filter>
    </ClCompile>
    <ClCompile Include="src\Implementation\Actors\WeakSpaceshipActor.cpp">
      <Filter>Source Files</Filter>
    </ClCompile>
    <ClCompile Include="src\Implementation\Controllers\UiController.cpp">
      <Filter>Source Files</Filter>
    </ClCompile>
    <ClCompile Include="src\Implementation\Ui\PauseMenuUi.cpp">
      <Filter>Source Files</Filter>
    </ClCompile>
    <ClCompile Include="src\Implementation\MissileExplosionVisitors\ElectroRayExplosionVisitor.cpp">
      <Filter>Source Files</Filter>
    </ClCompile>
    <ClCompile Include="src\Implementation\LuaExecutors\LuaUiControllerExecutor.cpp">
      <Filter>Source Files</Filter>
    </ClCompile>
    <ClCompile Include="src\Implementation\Factories\ElectroRayChainFactory.cpp">
      <Filter>Source Files</Filter>
    </ClCompile>
    <ClCompile Include="src\Implementation\Factories\ElectroRayFactory.cpp">
      <Filter>Source Files</Filter>
    </ClCompile>
    <ClCompile Include="src\Implementation\Events\RayCollisionEvent.cpp">
      <Filter>Source Files</Filter>
    </ClCompile>
    <ClCompile Include="src\Implementation\Events\SphereContactCollisionEvent.cpp">
      <Filter>Source Files</Filter>
    </ClCompile>
    <ClCompile Include="src\Implementation\Actors\ElectroRayActor.cpp">
      <Filter>Source Files</Filter>
    </ClCompile>
    <ClCompile Include="src\Implementation\Actors\ElectroRayChainActor.cpp">
      <Filter>Source Files</Filter>
    </ClCompile>
    <ClCompile Include="src\Implementation\Ui\PauseSettingsMenuUi.cpp">
      <Filter>Source Files</Filter>
    </ClCompile>
    <ClCompile Include="src\Implementation\Ui\PlayerCombatUi.cpp">
      <Filter>Source Files</Filter>
    </ClCompile>
    <ClCompile Include="src\Implementation\Pools\ElectroRayChainActorPool.cpp">
      <Filter>Source Files</Filter>
    </ClCompile>
    <ClCompile Include="src\Implementation\Modifiers\ElectroRayChainModifier.cpp">
      <Filter>Source Files</Filter>
    </ClCompile>
    <ClCompile Include="src\Implementation\Modifiers\ModifiersHandler.cpp">
      <Filter>Source Files</Filter>
    </ClCompile>
    <ClCompile Include="src\Implementation\DataProviders\PlayerDataProvider.cpp">
      <Filter>Source Files</Filter>
    </ClCompile>
    <ClCompile Include="src\Implementation\Events\MainPlayerStatusChangedEvent.cpp">
      <Filter>Source Files</Filter>
    </ClCompile>
    <ClCompile Include="src\Implementation\LuaFunctions\LuaGameEventsFunctions.cpp">
      <Filter>Source Files</Filter>
    </ClCompile>
  </ItemGroup>
  <ItemGroup>
    <ClInclude Include="src\GameLevelFactory.h">
      <Filter>Header Files</Filter>
    </ClInclude>
    <ClInclude Include="src\IntroLevel.h">
      <Filter>Header Files</Filter>
    </ClInclude>
    <ClInclude Include="src\Implementation\AiBrain.h">
      <Filter>Header Files</Filter>
    </ClInclude>
    <ClInclude Include="src\Implementation\MainPlayerActionEnum.h">
      <Filter>Header Files</Filter>
    </ClInclude>
    <ClInclude Include="src\Implementation\SpaceSceneCamera.h">
      <Filter>Header Files</Filter>
    </ClInclude>
    <ClInclude Include="src\Implementation\Events\MainPlayerActionEvent.h">
      <Filter>Header Files</Filter>
    </ClInclude>
    <ClInclude Include="src\Implementation\Factories\ISpaceShipFactory.h">
      <Filter>Header Files</Filter>
    </ClInclude>
    <ClInclude Include="src\Implementation\Factories\IMissileFactory.h">
      <Filter>Header Files</Filter>
    </ClInclude>
    <ClInclude Include="src\Implementation\Factories\BombMissileFactory.h">
      <Filter>Header Files</Filter>
    </ClInclude>
    <ClInclude Include="src\Implementation\Factories\WeakSpaceShipFactory.h">
      <Filter>Header Files</Filter>
    </ClInclude>
    <ClInclude Include="src\Implementation\MissileExplosionVisitors\BlackHoleExplosionVisitor.h">
      <Filter>Header Files</Filter>
    </ClInclude>
    <ClInclude Include="src\Implementation\MissileExplosionVisitors\BombExplosionVisitor.h">
      <Filter>Header Files</Filter>
    </ClInclude>
    <ClInclude Include="src\Implementation\MissileExplosionVisitors\FreezingExplosionVisitor.h">
      <Filter>Header Files</Filter>
    </ClInclude>
    <ClInclude Include="src\Implementation\MissileExplosionVisitors\MissileExplosionVisitorBase.h">
      <Filter>Header Files</Filter>
    </ClInclude>
    <ClInclude Include="src\Implementation\Factories\AsteroidFactory.h">
      <Filter>Header Files</Filter>
    </ClInclude>
    <ClInclude Include="src\Implementation\Factories\BackgroundPlanetsFactory.h">
      <Filter>Header Files</Filter>
    </ClInclude>
    <ClInclude Include="src\Implementation\Factories\BlackHoleMissileFactory.h">
      <Filter>Header Files</Filter>
    </ClInclude>
    <ClInclude Include="src\Implementation\Factories\FreezingMissileFactory.h">
      <Filter>Header Files</Filter>
    </ClInclude>
    <ClInclude Include="src\Implementation\Factories\ISpaceObjectFactory.h">
      <Filter>Header Files</Filter>
    </ClInclude>
    <ClInclude Include="src\Implementation\Modifiers\FreezingModifier.h">
      <Filter>Header Files</Filter>
    </ClInclude>
    <ClInclude Include="src\Implementation\Modifiers\GravityModifier.h">
      <Filter>Header Files</Filter>
    </ClInclude>
    <ClInclude Include="src\Implementation\Modifiers\IModifiable.h">
      <Filter>Header Files</Filter>
    </ClInclude>
    <ClInclude Include="src\Implementation\ICameraTransformChangeNotifyable.h">
      <Filter>Header Files</Filter>
    </ClInclude>
    <ClInclude Include="src\Implementation\Controllers\AiActorController.h">
      <Filter>Header Files</Filter>
    </ClInclude>
    <ClInclude Include="src\Implementation\Controllers\AiSpaceshipActorController.h">
      <Filter>Header Files</Filter>
    </ClInclude>
    <ClInclude Include="src\Implementation\Controllers\CombatController.h">
      <Filter>Header Files</Filter>
    </ClInclude>
    <ClInclude Include="src\Implementation\Controllers\SceneController.h">
      <Filter>Header Files</Filter>
    </ClInclude>
    <ClInclude Include="src\Implementation\Controllers\SpaceShipPlayerController.h">
      <Filter>Header Files</Filter>
    </ClInclude>
    <ClInclude Include="src\Implementation\Actors\AsteroidActor.h">
      <Filter>Header Files</Filter>
    </ClInclude>
    <ClInclude Include="src\Implementation\Actors\BackgroundSpaceObjectActor.h">
      <Filter>Header Files</Filter>
    </ClInclude>
    <ClInclude Include="src\Implementation\Actors\BlackHoleMissileActor.h">
      <Filter>Header Files</Filter>
    </ClInclude>
    <ClInclude Include="src\Implementation\Actors\BombMissileActor.h">
      <Filter>Header Files</Filter>
    </ClInclude>
    <ClInclude Include="src\Implementation\Actors\FreezingMissileActor.h">
      <Filter>Header Files</Filter>
    </ClInclude>
    <ClInclude Include="src\Implementation\Actors\MissileActor.h">
      <Filter>Header Files</Filter>
    </ClInclude>
    <ClInclude Include="src\Implementation\Actors\SpaceObjectActor.h">
      <Filter>Header Files</Filter>
    </ClInclude>
    <ClInclude Include="src\Implementation\Actors\SpaceshipActor.h">
      <Filter>Header Files</Filter>
    </ClInclude>
    <ClInclude Include="src\Implementation\Actors\WeakSpaceshipActor.h">
      <Filter>Header Files</Filter>
    </ClInclude>
    <ClInclude Include="src\Implementation\Controllers\ILevelController.h">
      <Filter>Header Files</Filter>
    </ClInclude>
    <ClInclude Include="src\Implementation\Controllers\UiController.h">
      <Filter>Header Files</Filter>
    </ClInclude>
    <ClInclude Include="src\Implementation\Ui\PauseMenuUi.h">
      <Filter>Header Files</Filter>
    </ClInclude>
    <ClInclude Include="src\Implementation\GameObjectsCollisionType.h">
      <Filter>Header Files</Filter>
    </ClInclude>
    <ClInclude Include="src\Implementation\GameObjectsType.h">
      <Filter>Header Files</Filter>
    </ClInclude>
    <ClInclude Include="src\Implementation\MissileExplosionVisitors\ElectroRayExplosionVisitor.h">
      <Filter>Header Files</Filter>
    </ClInclude>
    <ClInclude Include="src\Implementation\LuaExecutors\LuaUiControllerExecutor.h">
      <Filter>Header Files</Filter>
    </ClInclude>
    <ClInclude Include="src\Implementation\Factories\ElectroRayChainFactory.h">
      <Filter>Header Files</Filter>
    </ClInclude>
    <ClInclude Include="src\Implementation\Factories\ElectroRayFactory.h">
      <Filter>Header Files</Filter>
    </ClInclude>
    <ClInclude Include="src\Implementation\Events\RayCollisionEvent.h">
      <Filter>Header Files</Filter>
    </ClInclude>
    <ClInclude Include="src\Implementation\Events\SphereContactCollisionEvent.h">
      <Filter>Header Files</Filter>
    </ClInclude>
    <ClInclude Include="src\Implementation\Actors\ElectroRayActor.h">
      <Filter>Header Files</Filter>
    </ClInclude>
    <ClInclude Include="src\Implementation\Actors\ElectroRayChainActor.h">
      <Filter>Header Files</Filter>
    </ClInclude>
    <ClInclude Include="src\Implementation\Ui\PauseSettingsMenuUi.h">
      <Filter>Header Files</Filter>
    </ClInclude>
    <ClInclude Include="src\Implementation\Ui\PlayerCombatUi.h">
      <Filter>Header Files</Filter>
    </ClInclude>
    <ClInclude Include="src\Implementation\Pools\ElectroRayChainActorPool.h">
      <Filter>Header Files</Filter>
    </ClInclude>
    <ClInclude Include="src\Implementation\Modifiers\ElectroRayChainModifier.h">
      <Filter>Header Files</Filter>
    </ClInclude>
    <ClInclude Include="src\Implementation\Modifiers\ModifiersHandler.h">
      <Filter>Header Files</Filter>
    </ClInclude>
    <ClInclude Include="src\Implementation\MissileType.h">
      <Filter>Header Files</Filter>
    </ClInclude>
    <ClInclude Include="src\Implementation\StatusTypes.h">
      <Filter>Header Files</Filter>
    </ClInclude>
    <ClInclude Include="src\Implementation\DataProviders\PlayerDataProvider.h">
      <Filter>Header Files</Filter>
    </ClInclude>
    <ClInclude Include="src\Implementation\Events\MainPlayerStatusChangedEvent.h">
      <Filter>Header Files</Filter>
    </ClInclude>
    <ClInclude Include="src\Implementation\LuaFunctions\LuaGameEventsFunctions.h">
      <Filter>Header Files</Filter>
    </ClInclude>
  </ItemGroup>
  <ItemGroup>
    <Text Include="CMakeLists.txt" />
  </ItemGroup>
</Project>