
Microsoft Visual Studio Solution File, Format Version 12.00
# Visual Studio 15
VisualStudioVersion = 15.0.28010.2046
MinimumVisualStudioVersion = 10.0.40219.1
Project("{8BC9CEB8-8B4A-11D0-8D11-00A0C91BC942}") = "PHEngine", "PHEngine\PHEngine.vcxproj", "{5403161B-E11D-4919-A80F-1D76B616D76B}"
EndProject
Project("{8BC9CEB8-8B4A-11D0-8D11-00A0C91BC942}") = "Gui", "Gui\Gui.vcxproj", "{E24B7865-B515-4E9A-9E75-25629035834F}"
EndProject
Project("{8BC9CEB8-8B4A-11D0-8D11-00A0C91BC942}") = "STB", "STB\STB.vcxproj", "{9E1FA398-200E-4B01-B0F4-0761862487BB}"
EndProject
Project("{8BC9CEB8-8B4A-11D0-8D11-00A0C91BC942}") = "Logger", "Logger\Logger.vcxproj", "{E3E18E88-4C38-4351-BB3D-7CB8B92E2CB0}"
EndProject
Project("{8BC9CEB8-8B4A-11D0-8D11-00A0C91BC942}") = "TinyGame", "TinyGame\TinyGame.vcxproj", "{108E56D3-2D08-408F-BEA2-8026303B9226}"
	ProjectSection(ProjectDependencies) = postProject
		{5403161B-E11D-4919-A80F-1D76B616D76B} = {5403161B-E11D-4919-A80F-1D76B616D76B}
		{E3E18E88-4C38-4351-BB3D-7CB8B92E2CB0} = {E3E18E88-4C38-4351-BB3D-7CB8B92E2CB0}
	EndProjectSection
EndProject
Project("{2150E333-8FDC-42A3-9474-1A3956D46DE8}") = "Solution Items", "Solution Items", "{3B7C625A-3CFE-4E06-833A-F8A3E2B3FA25}"
	ProjectSection(SolutionItems) = preProject
		CMakeLists.txt = CMakeLists.txt
		TinyGame\CMakeLists.txt = TinyGame\CMakeLists.txt
	EndProjectSection
EndProject
Global
	GlobalSection(SolutionConfigurationPlatforms) = preSolution
		Debug|x64 = Debug|x64
		Debug|x86 = Debug|x86
		MinSizeRel|x64 = MinSizeRel|x64
		MinSizeRel|x86 = MinSizeRel|x86
		Release|x64 = Release|x64
		Release|x86 = Release|x86
		RelWithDebInfo|x64 = RelWithDebInfo|x64
		RelWithDebInfo|x86 = RelWithDebInfo|x86
	EndGlobalSection
	GlobalSection(ProjectConfigurationPlatforms) = postSolution
		{5403161B-E11D-4919-A80F-1D76B616D76B}.Debug|x64.ActiveCfg = Debug|x64
		{5403161B-E11D-4919-A80F-1D76B616D76B}.Debug|x64.Build.0 = Debug|x64
		{5403161B-E11D-4919-A80F-1D76B616D76B}.Debug|x86.ActiveCfg = Debug|Win32
		{5403161B-E11D-4919-A80F-1D76B616D76B}.Debug|x86.Build.0 = Debug|Win32
		{5403161B-E11D-4919-A80F-1D76B616D76B}.MinSizeRel|x64.ActiveCfg = Release|x64
		{5403161B-E11D-4919-A80F-1D76B616D76B}.MinSizeRel|x64.Build.0 = Release|x64
		{5403161B-E11D-4919-A80F-1D76B616D76B}.MinSizeRel|x86.ActiveCfg = Release|Win32
		{5403161B-E11D-4919-A80F-1D76B616D76B}.MinSizeRel|x86.Build.0 = Release|Win32
		{5403161B-E11D-4919-A80F-1D76B616D76B}.Release|x64.ActiveCfg = Release|x64
		{5403161B-E11D-4919-A80F-1D76B616D76B}.Release|x64.Build.0 = Release|x64
		{5403161B-E11D-4919-A80F-1D76B616D76B}.Release|x86.ActiveCfg = Release|Win32
		{5403161B-E11D-4919-A80F-1D76B616D76B}.Release|x86.Build.0 = Release|Win32
		{5403161B-E11D-4919-A80F-1D76B616D76B}.RelWithDebInfo|x64.ActiveCfg = Release|x64
		{5403161B-E11D-4919-A80F-1D76B616D76B}.RelWithDebInfo|x64.Build.0 = Release|x64
		{5403161B-E11D-4919-A80F-1D76B616D76B}.RelWithDebInfo|x86.ActiveCfg = Release|Win32
		{5403161B-E11D-4919-A80F-1D76B616D76B}.RelWithDebInfo|x86.Build.0 = Release|Win32
		{E24B7865-B515-4E9A-9E75-25629035834F}.Debug|x64.ActiveCfg = Debug|x64
		{E24B7865-B515-4E9A-9E75-25629035834F}.Debug|x64.Build.0 = Debug|x64
		{E24B7865-B515-4E9A-9E75-25629035834F}.Debug|x86.ActiveCfg = Debug|Win32
		{E24B7865-B515-4E9A-9E75-25629035834F}.MinSizeRel|x64.ActiveCfg = Release|x64
		{E24B7865-B515-4E9A-9E75-25629035834F}.MinSizeRel|x64.Build.0 = Release|x64
		{E24B7865-B515-4E9A-9E75-25629035834F}.MinSizeRel|x86.ActiveCfg = Release|Win32
		{E24B7865-B515-4E9A-9E75-25629035834F}.MinSizeRel|x86.Build.0 = Release|Win32
		{E24B7865-B515-4E9A-9E75-25629035834F}.Release|x64.ActiveCfg = Release|x64
		{E24B7865-B515-4E9A-9E75-25629035834F}.Release|x64.Build.0 = Release|x64
		{E24B7865-B515-4E9A-9E75-25629035834F}.Release|x86.ActiveCfg = Release|Win32
		{E24B7865-B515-4E9A-9E75-25629035834F}.Release|x86.Build.0 = Release|Win32
		{E24B7865-B515-4E9A-9E75-25629035834F}.RelWithDebInfo|x64.ActiveCfg = Release|x64
		{E24B7865-B515-4E9A-9E75-25629035834F}.RelWithDebInfo|x64.Build.0 = Release|x64
		{E24B7865-B515-4E9A-9E75-25629035834F}.RelWithDebInfo|x86.ActiveCfg = Release|Win32
		{E24B7865-B515-4E9A-9E75-25629035834F}.RelWithDebInfo|x86.Build.0 = Release|Win32
		{9E1FA398-200E-4B01-B0F4-0761862487BB}.Debug|x64.ActiveCfg = Debug|x64
		{9E1FA398-200E-4B01-B0F4-0761862487BB}.Debug|x64.Build.0 = Debug|x64
		{9E1FA398-200E-4B01-B0F4-0761862487BB}.Debug|x86.ActiveCfg = Debug|Win32
		{9E1FA398-200E-4B01-B0F4-0761862487BB}.Debug|x86.Build.0 = Debug|Win32
		{9E1FA398-200E-4B01-B0F4-0761862487BB}.MinSizeRel|x64.ActiveCfg = Release|x64
		{9E1FA398-200E-4B01-B0F4-0761862487BB}.MinSizeRel|x64.Build.0 = Release|x64
		{9E1FA398-200E-4B01-B0F4-0761862487BB}.MinSizeRel|x86.ActiveCfg = Release|Win32
		{9E1FA398-200E-4B01-B0F4-0761862487BB}.MinSizeRel|x86.Build.0 = Release|Win32
		{9E1FA398-200E-4B01-B0F4-0761862487BB}.Release|x64.ActiveCfg = Release|x64
		{9E1FA398-200E-4B01-B0F4-0761862487BB}.Release|x64.Build.0 = Release|x64
		{9E1FA398-200E-4B01-B0F4-0761862487BB}.Release|x86.ActiveCfg = Release|Win32
		{9E1FA398-200E-4B01-B0F4-0761862487BB}.Release|x86.Build.0 = Release|Win32
		{9E1FA398-200E-4B01-B0F4-0761862487BB}.RelWithDebInfo|x64.ActiveCfg = Release|x64
		{9E1FA398-200E-4B01-B0F4-0761862487BB}.RelWithDebInfo|x64.Build.0 = Release|x64
		{9E1FA398-200E-4B01-B0F4-0761862487BB}.RelWithDebInfo|x86.ActiveCfg = Release|Win32
		{9E1FA398-200E-4B01-B0F4-0761862487BB}.RelWithDebInfo|x86.Build.0 = Release|Win32
		{E3E18E88-4C38-4351-BB3D-7CB8B92E2CB0}.Debug|x64.ActiveCfg = Debug|x64
		{E3E18E88-4C38-4351-BB3D-7CB8B92E2CB0}.Debug|x64.Build.0 = Debug|x64
		{E3E18E88-4C38-4351-BB3D-7CB8B92E2CB0}.Debug|x86.ActiveCfg = Debug|Win32
		{E3E18E88-4C38-4351-BB3D-7CB8B92E2CB0}.Debug|x86.Build.0 = Debug|Win32
		{E3E18E88-4C38-4351-BB3D-7CB8B92E2CB0}.MinSizeRel|x64.ActiveCfg = Release|x64
		{E3E18E88-4C38-4351-BB3D-7CB8B92E2CB0}.MinSizeRel|x64.Build.0 = Release|x64
		{E3E18E88-4C38-4351-BB3D-7CB8B92E2CB0}.MinSizeRel|x86.ActiveCfg = Release|Win32
		{E3E18E88-4C38-4351-BB3D-7CB8B92E2CB0}.MinSizeRel|x86.Build.0 = Release|Win32
		{E3E18E88-4C38-4351-BB3D-7CB8B92E2CB0}.Release|x64.ActiveCfg = Release|x64
		{E3E18E88-4C38-4351-BB3D-7CB8B92E2CB0}.Release|x64.Build.0 = Release|x64
		{E3E18E88-4C38-4351-BB3D-7CB8B92E2CB0}.Release|x86.ActiveCfg = Release|Win32
		{E3E18E88-4C38-4351-BB3D-7CB8B92E2CB0}.Release|x86.Build.0 = Release|Win32
		{E3E18E88-4C38-4351-BB3D-7CB8B92E2CB0}.RelWithDebInfo|x64.ActiveCfg = Release|x64
		{E3E18E88-4C38-4351-BB3D-7CB8B92E2CB0}.RelWithDebInfo|x64.Build.0 = Release|x64
		{E3E18E88-4C38-4351-BB3D-7CB8B92E2CB0}.RelWithDebInfo|x86.ActiveCfg = Release|Win32
		{E3E18E88-4C38-4351-BB3D-7CB8B92E2CB0}.RelWithDebInfo|x86.Build.0 = Release|Win32
		{108E56D3-2D08-408F-BEA2-8026303B9226}.Debug|x64.ActiveCfg = Debug|x64
		{108E56D3-2D08-408F-BEA2-8026303B9226}.Debug|x64.Build.0 = Debug|x64
		{108E56D3-2D08-408F-BEA2-8026303B9226}.Debug|x86.ActiveCfg = Debug|Win32
		{108E56D3-2D08-408F-BEA2-8026303B9226}.Debug|x86.Build.0 = Debug|Win32
		{108E56D3-2D08-408F-BEA2-8026303B9226}.MinSizeRel|x64.ActiveCfg = Release|x64
		{108E56D3-2D08-408F-BEA2-8026303B9226}.MinSizeRel|x64.Build.0 = Release|x64
		{108E56D3-2D08-408F-BEA2-8026303B9226}.MinSizeRel|x86.ActiveCfg = Release|Win32
		{108E56D3-2D08-408F-BEA2-8026303B9226}.MinSizeRel|x86.Build.0 = Release|Win32
		{108E56D3-2D08-408F-BEA2-8026303B9226}.Release|x64.ActiveCfg = Release|x64
		{108E56D3-2D08-408F-BEA2-8026303B9226}.Release|x64.Build.0 = Release|x64
		{108E56D3-2D08-408F-BEA2-8026303B9226}.Release|x86.ActiveCfg = Release|Win32
		{108E56D3-2D08-408F-BEA2-8026303B9226}.Release|x86.Build.0 = Release|Win32
		{108E56D3-2D08-408F-BEA2-8026303B9226}.RelWithDebInfo|x64.ActiveCfg = Release|x64
		{108E56D3-2D08-408F-BEA2-8026303B9226}.RelWithDebInfo|x64.Build.0 = Release|x64
		{108E56D3-2D08-408F-BEA2-8026303B9226}.RelWithDebInfo|x86.ActiveCfg = Release|Win32
		{108E56D3-2D08-408F-BEA2-8026303B9226}.RelWithDebInfo|x86.Build.0 = Release|Win32
	EndGlobalSection
	GlobalSection(SolutionProperties) = preSolution
		HideSolutionNode = FALSE
	EndGlobalSection
	GlobalSection(ExtensibilityGlobals) = postSolution
		SolutionGuid = {3416C7D4-31D9-4009-9B4B-DBAF118DD466}
	EndGlobalSection
EndGlobal
